
Microsoft Visual Studio Solution File, Format Version 12.00
# Visual Studio 15
VisualStudioVersion = 15.0.26228.9
MinimumVisualStudioVersion = 10.0.40219.1
Project("{FAE04EC0-301F-11D3-BF4B-00C04F79EFBC}") = "FloorMastery.UI", "FloorMastery.UI\FloorMastery.UI.csproj", "{7E333457-DB29-4E90-97C6-A0C0EB0B9B03}"
EndProject
Project("{FAE04EC0-301F-11D3-BF4B-00C04F79EFBC}") = "FloorMastery.BLL", "FloorMastery.BLL\FloorMastery.BLL.csproj", "{8B28243D-2E55-4942-A248-A797C5874BD4}"
EndProject
Project("{FAE04EC0-301F-11D3-BF4B-00C04F79EFBC}") = "FloorMastery.Data", "FloorMastery.Data\FloorMastery.Data.csproj", "{AFA6CC23-0B14-4033-9D0E-A0E9BBC536A7}"
EndProject
Project("{FAE04EC0-301F-11D3-BF4B-00C04F79EFBC}") = "FloorMastery.Tests", "FloorMastery.Tests\FloorMastery.Tests.csproj", "{537B7E17-8E79-43A2-BB02-51D698F82CF9}"
EndProject
Project("{FAE04EC0-301F-11D3-BF4B-00C04F79EFBC}") = "FloorMastery.Models", "FloorMastery.Models\FloorMastery.Models.csproj", "{0AE3270B-14B8-4BF3-BFE7-FBC53A2082F4}"
EndProject
Global
	GlobalSection(SolutionConfigurationPlatforms) = preSolution
		Debug|Any CPU = Debug|Any CPU
		Release|Any CPU = Release|Any CPU
	EndGlobalSection
	GlobalSection(ProjectConfigurationPlatforms) = postSolution
		{7E333457-DB29-4E90-97C6-A0C0EB0B9B03}.Debug|Any CPU.ActiveCfg = Debug|Any CPU
		{7E333457-DB29-4E90-97C6-A0C0EB0B9B03}.Debug|Any CPU.Build.0 = Debug|Any CPU
		{7E333457-DB29-4E90-97C6-A0C0EB0B9B03}.Release|Any CPU.ActiveCfg = Release|Any CPU
		{7E333457-DB29-4E90-97C6-A0C0EB0B9B03}.Release|Any CPU.Build.0 = Release|Any CPU
		{8B28243D-2E55-4942-A248-A797C5874BD4}.Debug|Any CPU.ActiveCfg = Debug|Any CPU
		{8B28243D-2E55-4942-A248-A797C5874BD4}.Debug|Any CPU.Build.0 = Debug|Any CPU
		{8B28243D-2E55-4942-A248-A797C5874BD4}.Release|Any CPU.ActiveCfg = Release|Any CPU
		{8B28243D-2E55-4942-A248-A797C5874BD4}.Release|Any CPU.Build.0 = Release|Any CPU
		{AFA6CC23-0B14-4033-9D0E-A0E9BBC536A7}.Debug|Any CPU.ActiveCfg = Debug|Any CPU
		{AFA6CC23-0B14-4033-9D0E-A0E9BBC536A7}.Debug|Any CPU.Build.0 = Debug|Any CPU
		{AFA6CC23-0B14-4033-9D0E-A0E9BBC536A7}.Release|Any CPU.ActiveCfg = Release|Any CPU
		{AFA6CC23-0B14-4033-9D0E-A0E9BBC536A7}.Release|Any CPU.Build.0 = Release|Any CPU
		{537B7E17-8E79-43A2-BB02-51D698F82CF9}.Debug|Any CPU.ActiveCfg = Debug|Any CPU
		{537B7E17-8E79-43A2-BB02-51D698F82CF9}.Debug|Any CPU.Build.0 = Debug|Any CPU
		{537B7E17-8E79-43A2-BB02-51D698F82CF9}.Release|Any CPU.ActiveCfg = Release|Any CPU
		{537B7E17-8E79-43A2-BB02-51D698F82CF9}.Release|Any CPU.Build.0 = Release|Any CPU
		{0AE3270B-14B8-4BF3-BFE7-FBC53A2082F4}.Debug|Any CPU.ActiveCfg = Debug|Any CPU
		{0AE3270B-14B8-4BF3-BFE7-FBC53A2082F4}.Debug|Any CPU.Build.0 = Debug|Any CPU
		{0AE3270B-14B8-4BF3-BFE7-FBC53A2082F4}.Release|Any CPU.ActiveCfg = Release|Any CPU
		{0AE3270B-14B8-4BF3-BFE7-FBC53A2082F4}.Release|Any CPU.Build.0 = Release|Any CPU
	EndGlobalSection
	GlobalSection(SolutionProperties) = preSolution
		HideSolutionNode = FALSE
	EndGlobalSection
EndGlobal
